
Microsoft Visual Studio Solution File, Format Version 12.00
# Visual Studio 14
VisualStudioVersion = 14.0.24720.0
MinimumVisualStudioVersion = 10.0.40219.1
Project("{FAE04EC0-301F-11D3-BF4B-00C04F79EFBC}") = "WebAPI", "WebAPI\WebAPI.csproj", "{C0B998D4-968B-48E7-AA2C-AEC01C433833}"
EndProject
Project("{FAE04EC0-301F-11D3-BF4B-00C04F79EFBC}") = "Business", "Business\Business.csproj", "{B2F99A51-D2D3-474D-B54C-C3FC1AB83674}"
EndProject
Project("{2150E333-8FDC-42A3-9474-1A3956D46DE8}") = "Documentos", "Documentos", "{40C7370C-AB15-4DE2-B290-923C0FCAE68D}"
	ProjectSection(SolutionItems) = preProject
		Documentos\ModeloDadosCETECC.mwb = Documentos\ModeloDadosCETECC.mwb
	EndProjectSection
EndProject
Global
	GlobalSection(SolutionConfigurationPlatforms) = preSolution
		Debug|Any CPU = Debug|Any CPU
		Release|Any CPU = Release|Any CPU
	EndGlobalSection
	GlobalSection(ProjectConfigurationPlatforms) = postSolution
		{C0B998D4-968B-48E7-AA2C-AEC01C433833}.Debug|Any CPU.ActiveCfg = Debug|Any CPU
		{C0B998D4-968B-48E7-AA2C-AEC01C433833}.Debug|Any CPU.Build.0 = Debug|Any CPU
		{C0B998D4-968B-48E7-AA2C-AEC01C433833}.Release|Any CPU.ActiveCfg = Release|Any CPU
		{C0B998D4-968B-48E7-AA2C-AEC01C433833}.Release|Any CPU.Build.0 = Release|Any CPU
		{B2F99A51-D2D3-474D-B54C-C3FC1AB83674}.Debug|Any CPU.ActiveCfg = Debug|Any CPU
		{B2F99A51-D2D3-474D-B54C-C3FC1AB83674}.Debug|Any CPU.Build.0 = Debug|Any CPU
		{B2F99A51-D2D3-474D-B54C-C3FC1AB83674}.Release|Any CPU.ActiveCfg = Release|Any CPU
		{B2F99A51-D2D3-474D-B54C-C3FC1AB83674}.Release|Any CPU.Build.0 = Release|Any CPU
	EndGlobalSection
	GlobalSection(SolutionProperties) = preSolution
		HideSolutionNode = FALSE
	EndGlobalSection
EndGlobal
